
Microsoft Visual Studio Solution File, Format Version 12.00
# Visual Studio 15
VisualStudioVersion = 15.0.28307.329
MinimumVisualStudioVersion = 10.0.40219.1
Project("{FAE04EC0-301F-11D3-BF4B-00C04F79EFBC}") = "pizza1", "pizza1\pizza1.csproj", "{54E8B7A2-3C2D-4A1E-82FD-54FC16A5412E}"
EndProject
Project("{FAE04EC0-301F-11D3-BF4B-00C04F79EFBC}") = "slideshow1", "slideshow1\slideshow1.csproj", "{E4A18A79-45ED-4653-A863-1C41F358CBAE}"
EndProject
Project("{FAE04EC0-301F-11D3-BF4B-00C04F79EFBC}") = "slideshow2", "slideshow2\slideshow2.csproj", "{9FC2EDEE-A4DE-4EA9-B711-9D0301756978}"
EndProject
Project("{FAE04EC0-301F-11D3-BF4B-00C04F79EFBC}") = "slideshow3", "slideshow3\slideshow3.csproj", "{B5B017C6-1B45-4F14-B64E-D6E4A6AA3FFF}"
EndProject
Global
	GlobalSection(SolutionConfigurationPlatforms) = preSolution
		Debug|Any CPU = Debug|Any CPU
		Release|Any CPU = Release|Any CPU
	EndGlobalSection
	GlobalSection(ProjectConfigurationPlatforms) = postSolution
		{54E8B7A2-3C2D-4A1E-82FD-54FC16A5412E}.Debug|Any CPU.ActiveCfg = Debug|Any CPU
		{54E8B7A2-3C2D-4A1E-82FD-54FC16A5412E}.Debug|Any CPU.Build.0 = Debug|Any CPU
		{54E8B7A2-3C2D-4A1E-82FD-54FC16A5412E}.Release|Any CPU.ActiveCfg = Release|Any CPU
		{54E8B7A2-3C2D-4A1E-82FD-54FC16A5412E}.Release|Any CPU.Build.0 = Release|Any CPU
		{E4A18A79-45ED-4653-A863-1C41F358CBAE}.Debug|Any CPU.ActiveCfg = Debug|Any CPU
		{E4A18A79-45ED-4653-A863-1C41F358CBAE}.Debug|Any CPU.Build.0 = Debug|Any CPU
		{E4A18A79-45ED-4653-A863-1C41F358CBAE}.Release|Any CPU.ActiveCfg = Release|Any CPU
		{E4A18A79-45ED-4653-A863-1C41F358CBAE}.Release|Any CPU.Build.0 = Release|Any CPU
		{9FC2EDEE-A4DE-4EA9-B711-9D0301756978}.Debug|Any CPU.ActiveCfg = Debug|Any CPU
		{9FC2EDEE-A4DE-4EA9-B711-9D0301756978}.Debug|Any CPU.Build.0 = Debug|Any CPU
		{9FC2EDEE-A4DE-4EA9-B711-9D0301756978}.Release|Any CPU.ActiveCfg = Release|Any CPU
		{9FC2EDEE-A4DE-4EA9-B711-9D0301756978}.Release|Any CPU.Build.0 = Release|Any CPU
		{B5B017C6-1B45-4F14-B64E-D6E4A6AA3FFF}.Debug|Any CPU.ActiveCfg = Debug|Any CPU
		{B5B017C6-1B45-4F14-B64E-D6E4A6AA3FFF}.Debug|Any CPU.Build.0 = Debug|Any CPU
		{B5B017C6-1B45-4F14-B64E-D6E4A6AA3FFF}.Release|Any CPU.ActiveCfg = Release|Any CPU
		{B5B017C6-1B45-4F14-B64E-D6E4A6AA3FFF}.Release|Any CPU.Build.0 = Release|Any CPU
	EndGlobalSection
	GlobalSection(SolutionProperties) = preSolution
		HideSolutionNode = FALSE
	EndGlobalSection
	GlobalSection(ExtensibilityGlobals) = postSolution
		SolutionGuid = {F7835728-4F3B-4A39-8229-392F80FF63AE}
	EndGlobalSection
EndGlobal
